
Microsoft Visual Studio Solution File, Format Version 11.00
# Visual Basic Express 2010
Project("{F184B08F-C81C-45F6-A57F-5ABD9991F28F}") = "Child_Age_Calculator", "Child_Age_Calculator\Child_Age_Calculator.vbproj", "{2B8B9E75-4C8F-4F21-BA68-E2AD82D41F37}"
EndProject
Global
	GlobalSection(SolutionConfigurationPlatforms) = preSolution
		Debug|x86 = Debug|x86
		Release|x86 = Release|x86
	EndGlobalSection
	GlobalSection(ProjectConfigurationPlatforms) = postSolution
		{2B8B9E75-4C8F-4F21-BA68-E2AD82D41F37}.Debug|x86.ActiveCfg = Debug|x86
		{2B8B9E75-4C8F-4F21-BA68-E2AD82D41F37}.Debug|x86.Build.0 = Debug|x86
		{2B8B9E75-4C8F-4F21-BA68-E2AD82D41F37}.Release|x86.ActiveCfg = Release|x86
		{2B8B9E75-4C8F-4F21-BA68-E2AD82D41F37}.Release|x86.Build.0 = Release|x86
	EndGlobalSection
	GlobalSection(SolutionProperties) = preSolution
		HideSolutionNode = FALSE
	EndGlobalSection
EndGlobal
